
Microsoft Visual Studio Solution File, Format Version 12.00
# Visual Studio 15
VisualStudioVersion = 15.0.27703.2035
MinimumVisualStudioVersion = 10.0.40219.1
Project("{FAE04EC0-301F-11D3-BF4B-00C04F79EFBC}") = "WF_CoffeeManage", "WF_CoffeeManage\WF_CoffeeManage.csproj", "{44FF85EF-6EA6-4806-B105-48E150DD5831}"
EndProject
Project("{FAE04EC0-301F-11D3-BF4B-00C04F79EFBC}") = "DataAccessLayer", "DataAccessLayer\DataAccessLayer.csproj", "{23A096BB-08D3-4CCD-BFF8-9EC558156953}"
EndProject
Project("{FAE04EC0-301F-11D3-BF4B-00C04F79EFBC}") = "BusinessLogicLayer", "BusinessLogicLayer\BusinessLogicLayer.csproj", "{FC11BE1B-9160-40B6-85C3-5512BD4658E3}"
EndProject
Global
	GlobalSection(SolutionConfigurationPlatforms) = preSolution
		Debug|Any CPU = Debug|Any CPU
		Release|Any CPU = Release|Any CPU
	EndGlobalSection
	GlobalSection(ProjectConfigurationPlatforms) = postSolution
		{44FF85EF-6EA6-4806-B105-48E150DD5831}.Debug|Any CPU.ActiveCfg = Debug|Any CPU
		{44FF85EF-6EA6-4806-B105-48E150DD5831}.Debug|Any CPU.Build.0 = Debug|Any CPU
		{44FF85EF-6EA6-4806-B105-48E150DD5831}.Release|Any CPU.ActiveCfg = Release|Any CPU
		{44FF85EF-6EA6-4806-B105-48E150DD5831}.Release|Any CPU.Build.0 = Release|Any CPU
		{23A096BB-08D3-4CCD-BFF8-9EC558156953}.Debug|Any CPU.ActiveCfg = Debug|Any CPU
		{23A096BB-08D3-4CCD-BFF8-9EC558156953}.Debug|Any CPU.Build.0 = Debug|Any CPU
		{23A096BB-08D3-4CCD-BFF8-9EC558156953}.Release|Any CPU.ActiveCfg = Release|Any CPU
		{23A096BB-08D3-4CCD-BFF8-9EC558156953}.Release|Any CPU.Build.0 = Release|Any CPU
		{FC11BE1B-9160-40B6-85C3-5512BD4658E3}.Debug|Any CPU.ActiveCfg = Debug|Any CPU
		{FC11BE1B-9160-40B6-85C3-5512BD4658E3}.Debug|Any CPU.Build.0 = Debug|Any CPU
		{FC11BE1B-9160-40B6-85C3-5512BD4658E3}.Release|Any CPU.ActiveCfg = Release|Any CPU
		{FC11BE1B-9160-40B6-85C3-5512BD4658E3}.Release|Any CPU.Build.0 = Release|Any CPU
	EndGlobalSection
	GlobalSection(SolutionProperties) = preSolution
		HideSolutionNode = FALSE
	EndGlobalSection
	GlobalSection(ExtensibilityGlobals) = postSolution
		SolutionGuid = {C5092CCA-D9DC-4462-BF80-E15E339F1FAA}
	EndGlobalSection
EndGlobal
